{
  "name": "limitless-textarea",
  "version": "1.0.0",
  "lockfileVersion": 3,
  "requires": true,
  "packages": {
    "": {
      "name": "limitless-textarea",
      "version": "1.0.0",
      "license": "ISC",
      "dependencies": {
        "uikit": "^3.23.1"
      }
    },
    "node_modules/uikit": {
      "version": "3.23.1",
      "resolved": "https://registry.npmjs.org/uikit/-/uikit-3.23.1.tgz",
      "integrity": "sha512-WuC7cB44/BGZ02IDaesEY2CvtEQtK88rdJv4X3AyqrZOU1FYoLGJBXhMKnT2VvpDeGS3owVA7FPDmJLkjdD8Tw=="
    }
  }
}
